
Microsoft Visual Studio Solution File, Format Version 12.00
# Visual Studio Version 17
VisualStudioVersion = 17.8.34330.188
MinimumVisualStudioVersion = 10.0.40219.1
Project("{FAE04EC0-301F-11D3-BF4B-00C04F79EFBC}") = "ApiCatalogo", "ApiCatalogo\ApiCatalogo.csproj", "{FFC55CCB-9DC1-451A-8759-7186995DE85C}"
EndProject
Global
	GlobalSection(SolutionConfigurationPlatforms) = preSolution
		Debug|Any CPU = Debug|Any CPU
		Release|Any CPU = Release|Any CPU
	EndGlobalSection
	GlobalSection(ProjectConfigurationPlatforms) = postSolution
		{FFC55CCB-9DC1-451A-8759-7186995DE85C}.Debug|Any CPU.ActiveCfg = Debug|Any CPU
		{FFC55CCB-9DC1-451A-8759-7186995DE85C}.Debug|Any CPU.Build.0 = Debug|Any CPU
		{FFC55CCB-9DC1-451A-8759-7186995DE85C}.Release|Any CPU.ActiveCfg = Release|Any CPU
		{FFC55CCB-9DC1-451A-8759-7186995DE85C}.Release|Any CPU.Build.0 = Release|Any CPU
	EndGlobalSection
	GlobalSection(SolutionProperties) = preSolution
		HideSolutionNode = FALSE
	EndGlobalSection
	GlobalSection(ExtensibilityGlobals) = postSolution
		SolutionGuid = {13D5F341-FB1F-426E-8030-5BFBB294FDC4}
	EndGlobalSection
EndGlobal
