
Microsoft Visual Studio Solution File, Format Version 12.00
# Visual Studio Version 17
VisualStudioVersion = 17.5.002.0
MinimumVisualStudioVersion = 10.0.40219.1
Project("{9A19103F-16F7-4668-BE54-9A1E7A4F7556}") = "ApiCatalogo", "ApiCatalogo.csproj", "{E64D05B1-92E9-4B71-A510-A92B96D2B117}"
EndProject
Global
	GlobalSection(SolutionConfigurationPlatforms) = preSolution
		Debug|Any CPU = Debug|Any CPU
		Release|Any CPU = Release|Any CPU
	EndGlobalSection
	GlobalSection(ProjectConfigurationPlatforms) = postSolution
		{E64D05B1-92E9-4B71-A510-A92B96D2B117}.Debug|Any CPU.ActiveCfg = Debug|Any CPU
		{E64D05B1-92E9-4B71-A510-A92B96D2B117}.Debug|Any CPU.Build.0 = Debug|Any CPU
		{E64D05B1-92E9-4B71-A510-A92B96D2B117}.Release|Any CPU.ActiveCfg = Release|Any CPU
		{E64D05B1-92E9-4B71-A510-A92B96D2B117}.Release|Any CPU.Build.0 = Release|Any CPU
	EndGlobalSection
	GlobalSection(SolutionProperties) = preSolution
		HideSolutionNode = FALSE
	EndGlobalSection
	GlobalSection(ExtensibilityGlobals) = postSolution
		SolutionGuid = {0E23EBBA-9D0D-4AE7-A8D4-412B402F0FD8}
	EndGlobalSection
EndGlobal
